
Microsoft Visual Studio Solution File, Format Version 12.00
# Visual Studio Version 16
VisualStudioVersion = 16.0.29102.190
MinimumVisualStudioVersion = 10.0.40219.1
Project("{FAE04EC0-301F-11D3-BF4B-00C04F79EFBC}") = "Section1", "Section1\Section1.csproj", "{BC05A3EB-654A-43B6-B8F1-7CFA79ABC2CF}"
EndProject
Global
	GlobalSection(SolutionConfigurationPlatforms) = preSolution
		Debug|Any CPU = Debug|Any CPU
		Release|Any CPU = Release|Any CPU
	EndGlobalSection
	GlobalSection(ProjectConfigurationPlatforms) = postSolution
		{BC05A3EB-654A-43B6-B8F1-7CFA79ABC2CF}.Debug|Any CPU.ActiveCfg = Debug|Any CPU
		{BC05A3EB-654A-43B6-B8F1-7CFA79ABC2CF}.Debug|Any CPU.Build.0 = Debug|Any CPU
		{BC05A3EB-654A-43B6-B8F1-7CFA79ABC2CF}.Release|Any CPU.ActiveCfg = Release|Any CPU
		{BC05A3EB-654A-43B6-B8F1-7CFA79ABC2CF}.Release|Any CPU.Build.0 = Release|Any CPU
	EndGlobalSection
	GlobalSection(SolutionProperties) = preSolution
		HideSolutionNode = FALSE
	EndGlobalSection
	GlobalSection(ExtensibilityGlobals) = postSolution
		SolutionGuid = {6C33DF1A-E973-4D52-A14B-CABAD6C083A5}
	EndGlobalSection
EndGlobal
