
Microsoft Visual Studio Solution File, Format Version 12.00
# Visual Studio 15
VisualStudioVersion = 15.0.28307.779
MinimumVisualStudioVersion = 10.0.40219.1
Project("{FAE04EC0-301F-11D3-BF4B-00C04F79EFBC}") = "CharacterCreator.Winforms", "CharacterCreator.Winforms\CharacterCreator.Winforms.csproj", "{CA82ECA3-ACB4-4CA8-8BF2-C9C27A1BA0DC}"
EndProject
Project("{FAE04EC0-301F-11D3-BF4B-00C04F79EFBC}") = "CharacterCreator.Business", "CharacterCreator\CharacterCreator.Business.csproj", "{69E0F888-893E-4B0D-BE3E-A85C108866B3}"
EndProject
Global
	GlobalSection(SolutionConfigurationPlatforms) = preSolution
		Debug|Any CPU = Debug|Any CPU
		Release|Any CPU = Release|Any CPU
	EndGlobalSection
	GlobalSection(ProjectConfigurationPlatforms) = postSolution
		{CA82ECA3-ACB4-4CA8-8BF2-C9C27A1BA0DC}.Debug|Any CPU.ActiveCfg = Debug|Any CPU
		{CA82ECA3-ACB4-4CA8-8BF2-C9C27A1BA0DC}.Debug|Any CPU.Build.0 = Debug|Any CPU
		{CA82ECA3-ACB4-4CA8-8BF2-C9C27A1BA0DC}.Release|Any CPU.ActiveCfg = Release|Any CPU
		{CA82ECA3-ACB4-4CA8-8BF2-C9C27A1BA0DC}.Release|Any CPU.Build.0 = Release|Any CPU
		{69E0F888-893E-4B0D-BE3E-A85C108866B3}.Debug|Any CPU.ActiveCfg = Debug|Any CPU
		{69E0F888-893E-4B0D-BE3E-A85C108866B3}.Debug|Any CPU.Build.0 = Debug|Any CPU
		{69E0F888-893E-4B0D-BE3E-A85C108866B3}.Release|Any CPU.ActiveCfg = Release|Any CPU
		{69E0F888-893E-4B0D-BE3E-A85C108866B3}.Release|Any CPU.Build.0 = Release|Any CPU
	EndGlobalSection
	GlobalSection(SolutionProperties) = preSolution
		HideSolutionNode = FALSE
	EndGlobalSection
	GlobalSection(ExtensibilityGlobals) = postSolution
		SolutionGuid = {D853AF26-05E0-4970-9784-47FD54B75427}
	EndGlobalSection
EndGlobal
